{
  "name": "CFOP学习",
  "lockfileVersion": 3,
  "requires": true,
  "packages": {
    "": {
      "dependencies": {
        "@moishy/algsets": "^0.3.3",
        "three": "^0.169.0"
      }
    },
    "node_modules/@moishy/algsets": {
      "version": "0.3.3",
      "resolved": "https://registry.npmmirror.com/@moishy/algsets/-/algsets-0.3.3.tgz",
      "integrity": "sha512-cSFA4afs+ULlkhZy42frmvMBQAgyRwdW2OwO0h0vITLC8h7iNUaAB6k/UF7Q0sGlJOxSFF25AraAVERDpDeWSQ==",
      "license": "MIT",
      "dependencies": {
        "@moishy/cubing-core": "^0.3.0"
      }
    },
    "node_modules/@moishy/cubing-core": {
      "version": "0.3.3",
      "resolved": "https://registry.npmmirror.com/@moishy/cubing-core/-/cubing-core-0.3.3.tgz",
      "integrity": "sha512-XTZ7puBDlwN3jiuChIAOd+O/ZaGrXg76sI7kUdfrKzBdMwxKuSpHTD7MHFf316+nisIboc5ev2x9zYt6VniA2g==",
      "license": "MIT"
    },
    "node_modules/three": {
      "version": "0.169.0",
      "resolved": "https://registry.npmmirror.com/three/-/three-0.169.0.tgz",
      "integrity": "sha512-Ed906MA3dR4TS5riErd4QBsRGPcx+HBDX2O5yYE5GqJeFQTPU+M56Va/f/Oph9X7uZo3W3o4l2ZhBZ6f6qUv0w==",
      "license": "MIT"
    }
  }
}
